
Microsoft Visual Studio Solution File, Format Version 12.00
# Visual Studio Version 16
VisualStudioVersion = 16.0.29319.158
MinimumVisualStudioVersion = 10.0.40219.1
Project("{FAE04EC0-301F-11D3-BF4B-00C04F79EFBC}") = "WebApplication14", "WebApplication14\WebApplication14.csproj", "{637C8049-0B4A-4564-81B5-5BC61765BE8E}"
EndProject
Global
	GlobalSection(SolutionConfigurationPlatforms) = preSolution
		Debug|Any CPU = Debug|Any CPU
		Release|Any CPU = Release|Any CPU
	EndGlobalSection
	GlobalSection(ProjectConfigurationPlatforms) = postSolution
		{637C8049-0B4A-4564-81B5-5BC61765BE8E}.Debug|Any CPU.ActiveCfg = Debug|Any CPU
		{637C8049-0B4A-4564-81B5-5BC61765BE8E}.Debug|Any CPU.Build.0 = Debug|Any CPU
		{637C8049-0B4A-4564-81B5-5BC61765BE8E}.Release|Any CPU.ActiveCfg = Release|Any CPU
		{637C8049-0B4A-4564-81B5-5BC61765BE8E}.Release|Any CPU.Build.0 = Release|Any CPU
	EndGlobalSection
	GlobalSection(SolutionProperties) = preSolution
		HideSolutionNode = FALSE
	EndGlobalSection
	GlobalSection(ExtensibilityGlobals) = postSolution
		SolutionGuid = {29D961AC-5BAF-443A-A800-003BA0E31F43}
	EndGlobalSection
EndGlobal
